
Microsoft Visual Studio Solution File, Format Version 12.00
# Visual Studio Version 16
VisualStudioVersion = 16.0.31424.327
MinimumVisualStudioVersion = 10.0.40219.1
Project("{FAE04EC0-301F-11D3-BF4B-00C04F79EFBC}") = "GenerateImages", "GenerateImages\GenerateImages.csproj", "{3DB41B85-9A42-41BE-8417-E4EC45A2B4B5}"
EndProject
Global
	GlobalSection(SolutionConfigurationPlatforms) = preSolution
		Debug|Any CPU = Debug|Any CPU
		Release|Any CPU = Release|Any CPU
	EndGlobalSection
	GlobalSection(ProjectConfigurationPlatforms) = postSolution
		{3DB41B85-9A42-41BE-8417-E4EC45A2B4B5}.Debug|Any CPU.ActiveCfg = Debug|Any CPU
		{3DB41B85-9A42-41BE-8417-E4EC45A2B4B5}.Debug|Any CPU.Build.0 = Debug|Any CPU
		{3DB41B85-9A42-41BE-8417-E4EC45A2B4B5}.Release|Any CPU.ActiveCfg = Release|Any CPU
		{3DB41B85-9A42-41BE-8417-E4EC45A2B4B5}.Release|Any CPU.Build.0 = Release|Any CPU
	EndGlobalSection
	GlobalSection(SolutionProperties) = preSolution
		HideSolutionNode = FALSE
	EndGlobalSection
	GlobalSection(ExtensibilityGlobals) = postSolution
		SolutionGuid = {849AF704-10B4-48F0-9148-F17794E1D032}
	EndGlobalSection
EndGlobal
