
Microsoft Visual Studio Solution File, Format Version 12.00
# Visual Studio Version 16
VisualStudioVersion = 16.0.31424.327
MinimumVisualStudioVersion = 10.0.40219.1
Project("{9A19103F-16F7-4668-BE54-9A1E7A4F7556}") = "SearchClient", "SearchClient.csproj", "{4FA2200E-8FCC-44D2-B12C-8FBA0AA64C3C}"
EndProject
Global
	GlobalSection(SolutionConfigurationPlatforms) = preSolution
		Debug|Any CPU = Debug|Any CPU
		Release|Any CPU = Release|Any CPU
	EndGlobalSection
	GlobalSection(ProjectConfigurationPlatforms) = postSolution
		{4FA2200E-8FCC-44D2-B12C-8FBA0AA64C3C}.Debug|Any CPU.ActiveCfg = Debug|Any CPU
		{4FA2200E-8FCC-44D2-B12C-8FBA0AA64C3C}.Debug|Any CPU.Build.0 = Debug|Any CPU
		{4FA2200E-8FCC-44D2-B12C-8FBA0AA64C3C}.Release|Any CPU.ActiveCfg = Release|Any CPU
		{4FA2200E-8FCC-44D2-B12C-8FBA0AA64C3C}.Release|Any CPU.Build.0 = Release|Any CPU
	EndGlobalSection
	GlobalSection(SolutionProperties) = preSolution
		HideSolutionNode = FALSE
	EndGlobalSection
	GlobalSection(ExtensibilityGlobals) = postSolution
		SolutionGuid = {978C95EE-ECBC-4AA2-981E-4285808D164A}
	EndGlobalSection
EndGlobal
